
Microsoft Visual Studio Solution File, Format Version 12.00
# Visual Studio Version 17
VisualStudioVersion = 17.4.33103.184
MinimumVisualStudioVersion = 10.0.40219.1
Project("{9A19103F-16F7-4668-BE54-9A1E7A4F7556}") = "BookStorePtk", "BookStorePtk.csproj", "{45EF2DA2-966C-4658-8EF9-24419CBFDC58}"
EndProject
Project("{FAE04EC0-301F-11D3-BF4B-00C04F79EFBC}") = "Tests", "Tests\Tests.csproj", "{748FAF3C-2409-4688-A267-4D0EE82B0CA2}"
EndProject
Global
	GlobalSection(SolutionConfigurationPlatforms) = preSolution
		Debug|Any CPU = Debug|Any CPU
		Release|Any CPU = Release|Any CPU
	EndGlobalSection
	GlobalSection(ProjectConfigurationPlatforms) = postSolution
		{45EF2DA2-966C-4658-8EF9-24419CBFDC58}.Debug|Any CPU.ActiveCfg = Debug|Any CPU
		{45EF2DA2-966C-4658-8EF9-24419CBFDC58}.Debug|Any CPU.Build.0 = Debug|Any CPU
		{45EF2DA2-966C-4658-8EF9-24419CBFDC58}.Release|Any CPU.ActiveCfg = Release|Any CPU
		{45EF2DA2-966C-4658-8EF9-24419CBFDC58}.Release|Any CPU.Build.0 = Release|Any CPU
		{748FAF3C-2409-4688-A267-4D0EE82B0CA2}.Debug|Any CPU.ActiveCfg = Debug|Any CPU
		{748FAF3C-2409-4688-A267-4D0EE82B0CA2}.Debug|Any CPU.Build.0 = Debug|Any CPU
		{748FAF3C-2409-4688-A267-4D0EE82B0CA2}.Release|Any CPU.ActiveCfg = Release|Any CPU
		{748FAF3C-2409-4688-A267-4D0EE82B0CA2}.Release|Any CPU.Build.0 = Release|Any CPU
	EndGlobalSection
	GlobalSection(SolutionProperties) = preSolution
		HideSolutionNode = FALSE
	EndGlobalSection
	GlobalSection(ExtensibilityGlobals) = postSolution
		SolutionGuid = {3ED0E2D3-B701-4778-929C-ECE77DD185C4}
	EndGlobalSection
EndGlobal
